# This file is automatically @generated by Cargo.
# It is not intended for manual editing.
version = 3

[[package]]
name = "apartments"
version = "0.1.0"

[[package]]
name = "apple-division"
version = "0.1.0"

[[package]]
name = "bit-strings"
version = "0.1.0"

[[package]]
name = "chessboard-and-queens"
version = "0.1.0"

[[package]]
name = "coin-piles"
version = "0.1.0"

[[package]]
name = "collecting-numbers"
version = "0.1.0"

[[package]]
name = "collecting-numbers-2"
version = "0.1.0"

[[package]]
name = "concert-tickets"
version = "0.1.0"

[[package]]
name = "creating-strings"
version = "0.1.0"

[[package]]
name = "digit-queries"
version = "0.1.0"

[[package]]
name = "distinct-numbers"
version = "0.1.0"

[[package]]
name = "ferris-wheel"
version = "0.1.0"

[[package]]
name = "gray-code"
version = "0.1.0"

[[package]]
name = "grid-paths"
version = "0.1.0"

[[package]]
name = "increasing-array"
version = "0.1.0"

[[package]]
name = "maximum-subarray-sum"
version = "0.1.0"

[[package]]
name = "missing-coin-sum"
version = "0.1.0"

[[package]]
name = "missing-number"
version = "0.1.0"

[[package]]
name = "movie-festival"
version = "0.1.0"

[[package]]
name = "number-spiral"
version = "0.1.0"

[[package]]
name = "palindrome-reorder"
version = "0.1.0"

[[package]]
name = "permutations"
version = "0.1.0"

[[package]]
name = "playlist"
version = "0.1.0"

[[package]]
name = "repetitions"
version = "0.1.0"

[[package]]
name = "restaurant-customers"
version = "0.1.0"

[[package]]
name = "stick-lengths"
version = "0.1.0"

[[package]]
name = "sum-of-two-values"
version = "0.1.0"

[[package]]
name = "tower-of-hanoi"
version = "0.1.0"

[[package]]
name = "towers"
version = "0.1.0"

[[package]]
name = "trailing-zeros"
version = "0.1.0"

[[package]]
name = "two-knights"
version = "0.1.0"

[[package]]
name = "two-sets"
version = "0.1.0"

[[package]]
name = "weird-algorithm"
version = "0.1.0"
